
Microsoft Visual Studio Solution File, Format Version 12.00
# Visual Studio Version 17
VisualStudioVersion = 17.2.32602.215
MinimumVisualStudioVersion = 10.0.40219.1
Project("{9A19103F-16F7-4668-BE54-9A1E7A4F7556}") = "pishnahad", "pishnahad.csproj", "{66E50513-2106-421F-9BA6-E3F6904867F3}"
EndProject
Project("{2150E333-8FDC-42A3-9474-1A3956D46DE8}") = "Solution Items", "Solution Items", "{57538642-59D3-4DBC-8603-E50D65BA8077}"
	ProjectSection(SolutionItems) = preProject
		.editorconfig = .editorconfig
	EndProjectSection
EndProject
Global
	GlobalSection(SolutionConfigurationPlatforms) = preSolution
		Debug|Any CPU = Debug|Any CPU
		Release|Any CPU = Release|Any CPU
	EndGlobalSection
	GlobalSection(ProjectConfigurationPlatforms) = postSolution
		{66E50513-2106-421F-9BA6-E3F6904867F3}.Debug|Any CPU.ActiveCfg = Debug|Any CPU
		{66E50513-2106-421F-9BA6-E3F6904867F3}.Debug|Any CPU.Build.0 = Debug|Any CPU
		{66E50513-2106-421F-9BA6-E3F6904867F3}.Release|Any CPU.ActiveCfg = Release|Any CPU
		{66E50513-2106-421F-9BA6-E3F6904867F3}.Release|Any CPU.Build.0 = Release|Any CPU
	EndGlobalSection
	GlobalSection(SolutionProperties) = preSolution
		HideSolutionNode = FALSE
	EndGlobalSection
	GlobalSection(ExtensibilityGlobals) = postSolution
		SolutionGuid = {B588DD23-E521-4110-A292-BF758EDC26B9}
	EndGlobalSection
EndGlobal
